// !$*UTF8*$!
{
	archiveVersion = 1;
	classes = {
	};
	objectVersion = 50;
	objects = {

/* Begin PBXBuildFile section */
		FC787202258678180091858D /* AppDelegate.swift in Sources */ = {isa = PBXBuildFile; fileRef = FC787201258678180091858D /* AppDelegate.swift */; };
		FC787204258678180091858D /* SceneDelegate.swift in Sources */ = {isa = PBXBuildFile; fileRef = FC787203258678180091858D /* SceneDelegate.swift */; };
		FC787206258678180091858D /* ViewController.swift in Sources */ = {isa = PBXBuildFile; fileRef = FC787205258678180091858D /* ViewController.swift */; };
		FC787209258678180091858D /* Main.storyboard in Resources */ = {isa = PBXBuildFile; fileRef = FC787207258678180091858D /* Main.storyboard */; };
		FC78720B2586781C0091858D /* Assets.xcassets in Resources */ = {isa = PBXBuildFile; fileRef = FC78720A2586781C0091858D /* Assets.xcassets */; };
		FC78720E2586781C0091858D /* LaunchScreen.storyboard in Resources */ = {isa = PBXBuildFile; fileRef = FC78720C2586781C0091858D /* LaunchScreen.storyboard */; };
		FC7872192586781D0091858D /* MathGameTests.swift in Sources */ = {isa = PBXBuildFile; fileRef = FC7872182586781D0091858D /* MathGameTests.swift */; };
		FC7872242586781D0091858D /* MathGameUITests.swift in Sources */ = {isa = PBXBuildFile; fileRef = FC7872232586781D0091858D /* MathGameUITests.swift */; };
		FC7872352586ACE60091858D /* AddViewController.swift in Sources */ = {isa = PBXBuildFile; fileRef = FC7872342586ACE60091858D /* AddViewController.swift */; };
		FC78723A2587B8070091858D /* AnswerViewController.swift in Sources */ = {isa = PBXBuildFile; fileRef = FC7872392587B8070091858D /* AnswerViewController.swift */; };
/* End PBXBuildFile section */

/* Begin PBXContainerItemProxy section */
		FC7872152586781D0091858D /* PBXContainerItemProxy */ = {
			isa = PBXContainerItemProxy;
			containerPortal = FC7871F6258678180091858D /* Project object */;
			proxyType = 1;
			remoteGlobalIDString = FC7871FD258678180091858D;
			remoteInfo = MathGame;
		};
		FC7872202586781D0091858D /* PBXContainerItemProxy */ = {
			isa = PBXContainerItemProxy;
			containerPortal = FC7871F6258678180091858D /* Project object */;
			proxyType = 1;
			remoteGlobalIDString = FC7871FD258678180091858D;
			remoteInfo = MathGame;
		};
/* End PBXContainerItemProxy section */

/* Begin PBXFileReference section */
		FC7871FE258678180091858D /* MathGame.app */ = {isa = PBXFileReference; explicitFileType = wrapper.application; includeInIndex = 0; path = MathGame.app; sourceTree = BUILT_PRODUCTS_DIR; };
		FC787201258678180091858D /* AppDelegate.swift */ = {isa = PBXFileReference; lastKnownFileType = sourcecode.swift; path = AppDelegate.swift; sourceTree = "<group>"; };
		FC787203258678180091858D /* SceneDelegate.swift */ = {isa = PBXFileReference; lastKnownFileType = sourcecode.swift; path = SceneDelegate.swift; sourceTree = "<group>"; };
		FC787205258678180091858D /* ViewController.swift */ = {isa = PBXFileReference; lastKnownFileType = sourcecode.swift; path = ViewController.swift; sourceTree = "<group>"; };
		FC787208258678180091858D /* Base */ = {isa = PBXFileReference; lastKnownFileType = file.storyboard; name = Base; path = Base.lproj/Main.storyboard; sourceTree = "<group>"; };
		FC78720A2586781C0091858D /* Assets.xcassets */ = {isa = PBXFileReference; lastKnownFileType = folder.assetcatalog; path = Assets.xcassets; sourceTree = "<group>"; };
		FC78720D2586781C0091858D /* Base */ = {isa = PBXFileReference; lastKnownFileType = file.storyboard; name = Base; path = Base.lproj/LaunchScreen.storyboard; sourceTree = "<group>"; };
		FC78720F2586781C0091858D /* Info.plist */ = {isa = PBXFileReference; lastKnownFileType = text.plist.xml; path = Info.plist; sourceTree = "<group>"; };
		FC7872142586781D0091858D /* MathGameTests.xctest */ = {isa = PBXFileReference; explicitFileType = wrapper.cfbundle; includeInIndex = 0; path = MathGameTests.xctest; sourceTree = BUILT_PRODUCTS_DIR; };
		FC7872182586781D0091858D /* MathGameTests.swift */ = {isa = PBXFileReference; lastKnownFileType = sourcecode.swift; path = MathGameTests.swift; sourceTree = "<group>"; };
		FC78721A2586781D0091858D /* Info.plist */ = {isa = PBXFileReference; lastKnownFileType = text.plist.xml; path = Info.plist; sourceTree = "<group>"; };
		FC78721F2586781D0091858D /* MathGameUITests.xctest */ = {isa = PBXFileReference; explicitFileType = wrapper.cfbundle; includeInIndex = 0; path = MathGameUITests.xctest; sourceTree = BUILT_PRODUCTS_DIR; };
		FC7872232586781D0091858D /* MathGameUITests.swift */ = {isa = PBXFileReference; lastKnownFileType = sourcecode.swift; path = MathGameUITests.swift; sourceTree = "<group>"; };
		FC7872252586781D0091858D /* Info.plist */ = {isa = PBXFileReference; lastKnownFileType = text.plist.xml; path = Info.plist; sourceTree = "<group>"; };
		FC7872342586ACE60091858D /* AddViewController.swift */ = {isa = PBXFileReference; lastKnownFileType = sourcecode.swift; path = AddViewController.swift; sourceTree = "<group>"; };
		FC7872392587B8070091858D /* AnswerViewController.swift */ = {isa = PBXFileReference; lastKnownFileType = sourcecode.swift; path = AnswerViewController.swift; sourceTree = "<group>"; };
/* End PBXFileReference section */

/* Begin PBXFrameworksBuildPhase section */
		FC7871FB258678180091858D /* Frameworks */ = {
			isa = PBXFrameworksBuildPhase;
			buildActionMask = 2147483647;
			files = (
			);
			runOnlyForDeploymentPostprocessing = 0;
		};
		FC7872112586781D0091858D /* Frameworks */ = {
			isa = PBXFrameworksBuildPhase;
			buildActionMask = 2147483647;
			files = (
			);
			runOnlyForDeploymentPostprocessing = 0;
		};
		FC78721C2586781D0091858D /* Frameworks */ = {
			isa = PBXFrameworksBuildPhase;
			buildActionMask = 2147483647;
			files = (
			);
			runOnlyForDeploymentPostprocessing = 0;
		};
/* End PBXFrameworksBuildPhase section */

/* Begin PBXGroup section */
		FC7871F5258678180091858D = {
			isa = PBXGroup;
			children = (
				FC787200258678180091858D /* MathGame */,
				FC7872172586781D0091858D /* MathGameTests */,
				FC7872222586781D0091858D /* MathGameUITests */,
				FC7871FF258678180091858D /* Products */,
			);
			sourceTree = "<group>";
		};
		FC7871FF258678180091858D /* Products */ = {
			isa = PBXGroup;
			children = (
				FC7871FE258678180091858D /* MathGame.app */,
				FC7872142586781D0091858D /* MathGameTests.xctest */,
				FC78721F2586781D0091858D /* MathGameUITests.xctest */,
			);
			name = Products;
			sourceTree = "<group>";
		};
		FC787200258678180091858D /* MathGame */ = {
			isa = PBXGroup;
			children = (
				FC787201258678180091858D /* AppDelegate.swift */,
				FC787203258678180091858D /* SceneDelegate.swift */,
				FC787205258678180091858D /* ViewController.swift */,
				FC787207258678180091858D /* Main.storyboard */,
				FC78720A2586781C0091858D /* Assets.xcassets */,
				FC78720C2586781C0091858D /* LaunchScreen.storyboard */,
				FC78720F2586781C0091858D /* Info.plist */,
				FC7872342586ACE60091858D /* AddViewController.swift */,
				FC7872392587B8070091858D /* AnswerViewController.swift */,
			);
			path = MathGame;
			sourceTree = "<group>";
		};
		FC7872172586781D0091858D /* MathGameTests */ = {
			isa = PBXGroup;
			children = (
				FC7872182586781D0091858D /* MathGameTests.swift */,
				FC78721A2586781D0091858D /* Info.plist */,
			);
			path = MathGameTests;
			sourceTree = "<group>";
		};
		FC7872222586781D0091858D /* MathGameUITests */ = {
			isa = PBXGroup;
			children = (
				FC7872232586781D0091858D /* MathGameUITests.swift */,
				FC7872252586781D0091858D /* Info.plist */,
			);
			path = MathGameUITests;
			sourceTree = "<group>";
		};
/* End PBXGroup section */

/* Begin PBXNativeTarget section */
		FC7871FD258678180091858D /* MathGame */ = {
			isa = PBXNativeTarget;
			buildConfigurationList = FC7872282586781D0091858D /* Build configuration list for PBXNativeTarget "MathGame" */;
			buildPhases = (
				FC7871FA258678180091858D /* Sources */,
				FC7871FB258678180091858D /* Frameworks */,
				FC7871FC258678180091858D /* Resources */,
			);
			buildRules = (
			);
			dependencies = (
			);
			name = MathGame;
			productName = MathGame;
			productReference = FC7871FE258678180091858D /* MathGame.app */;
			productType = "com.apple.product-type.application";
		};
		FC7872132586781D0091858D /* MathGameTests */ = {
			isa = PBXNativeTarget;
			buildConfigurationList = FC78722B2586781D0091858D /* Build configuration list for PBXNativeTarget "MathGameTests" */;
			buildPhases = (
				FC7872102586781D0091858D /* Sources */,
				FC7872112586781D0091858D /* Frameworks */,
				FC7872122586781D0091858D /* Resources */,
			);
			buildRules = (
			);
			dependencies = (
				FC7872162586781D0091858D /* PBXTargetDependency */,
			);
			name = MathGameTests;
			productName = MathGameTests;
			productReference = FC7872142586781D0091858D /* MathGameTests.xctest */;
			productType = "com.apple.product-type.bundle.unit-test";
		};
		FC78721E2586781D0091858D /* MathGameUITests */ = {
			isa = PBXNativeTarget;
			buildConfigurationList = FC78722E2586781D0091858D /* Build configuration list for PBXNativeTarget "MathGameUITests" */;
			buildPhases = (
				FC78721B2586781D0091858D /* Sources */,
				FC78721C2586781D0091858D /* Frameworks */,
				FC78721D2586781D0091858D /* Resources */,
			);
			buildRules = (
			);
			dependencies = (
				FC7872212586781D0091858D /* PBXTargetDependency */,
			);
			name = MathGameUITests;
			productName = MathGameUITests;
			productReference = FC78721F2586781D0091858D /* MathGameUITests.xctest */;
			productType = "com.apple.product-type.bundle.ui-testing";
		};
/* End PBXNativeTarget section */

/* Begin PBXProject section */
		FC7871F6258678180091858D /* Project object */ = {
			isa = PBXProject;
			attributes = {
				LastSwiftUpdateCheck = 1230;
				LastUpgradeCheck = 1230;
				TargetAttributes = {
					FC7871FD258678180091858D = {
						CreatedOnToolsVersion = 12.3;
					};
					FC7872132586781D0091858D = {
						CreatedOnToolsVersion = 12.3;
						TestTargetID = FC7871FD258678180091858D;
					};
					FC78721E2586781D0091858D = {
						CreatedOnToolsVersion = 12.3;
						TestTargetID = FC7871FD258678180091858D;
					};
				};
			};
			buildConfigurationList = FC7871F9258678180091858D /* Build configuration list for PBXProject "MathGame" */;
			compatibilityVersion = "Xcode 9.3";
			developmentRegion = en;
			hasScannedForEncodings = 0;
			knownRegions = (
				en,
				Base,
			);
			mainGroup = FC7871F5258678180091858D;
			productRefGroup = FC7871FF258678180091858D /* Products */;
			projectDirPath = "";
			projectRoot = "";
			targets = (
				FC7871FD258678180091858D /* MathGame */,
				FC7872132586781D0091858D /* MathGameTests */,
				FC78721E2586781D0091858D /* MathGameUITests */,
			);
		};
/* End PBXProject section */

/* Begin PBXResourcesBuildPhase section */
		FC7871FC258678180091858D /* Resources */ = {
			isa = PBXResourcesBuildPhase;
			buildActionMask = 2147483647;
			files = (
				FC78720E2586781C0091858D /* LaunchScreen.storyboard in Resources */,
				FC78720B2586781C0091858D /* Assets.xcassets in Resources */,
				FC787209258678180091858D /* Main.storyboard in Resources */,
			);
			runOnlyForDeploymentPostprocessing = 0;
		};
		FC7872122586781D0091858D /* Resources */ = {
			isa = PBXResourcesBuildPhase;
			buildActionMask = 2147483647;
			files = (
			);
			runOnlyForDeploymentPostprocessing = 0;
		};
		FC78721D2586781D0091858D /* Resources */ = {
			isa = PBXResourcesBuildPhase;
			buildActionMask = 2147483647;
			files = (
			);
			runOnlyForDeploymentPostprocessing = 0;
		};
/* End PBXResourcesBuildPhase section */

/* Begin PBXSourcesBuildPhase section */
		FC7871FA258678180091858D /* Sources */ = {
			isa = PBXSourcesBuildPhase;
			buildActionMask = 2147483647;
			files = (
				FC787206258678180091858D /* ViewController.swift in Sources */,
				FC787202258678180091858D /* AppDelegate.swift in Sources */,
				FC78723A2587B8070091858D /* AnswerViewController.swift in Sources */,
				FC7872352586ACE60091858D /* AddViewController.swift in Sources */,
				FC787204258678180091858D /* SceneDelegate.swift in Sources */,
			);
			runOnlyForDeploymentPostprocessing = 0;
		};
		FC7872102586781D0091858D /* Sources */ = {
			isa = PBXSourcesBuildPhase;
			buildActionMask = 2147483647;
			files = (
				FC7872192586781D0091858D /* MathGameTests.swift in Sources */,
			);
			runOnlyForDeploymentPostprocessing = 0;
		};
		FC78721B2586781D0091858D /* Sources */ = {
			isa = PBXSourcesBuildPhase;
			buildActionMask = 2147483647;
			files = (
				FC7872242586781D0091858D /* MathGameUITests.swift in Sources */,
			);
			runOnlyForDeploymentPostprocessing = 0;
		};
/* End PBXSourcesBuildPhase section */

/* Begin PBXTargetDependency section */
		FC7872162586781D0091858D /* PBXTargetDependency */ = {
			isa = PBXTargetDependency;
			target = FC7871FD258678180091858D /* MathGame */;
			targetProxy = FC7872152586781D0091858D /* PBXContainerItemProxy */;
		};
		FC7872212586781D0091858D /* PBXTargetDependency */ = {
			isa = PBXTargetDependency;
			target = FC7871FD258678180091858D /* MathGame */;
			targetProxy = FC7872202586781D0091858D /* PBXContainerItemProxy */;
		};
/* End PBXTargetDependency section */

/* Begin PBXVariantGroup section */
		FC787207258678180091858D /* Main.storyboard */ = {
			isa = PBXVariantGroup;
			children = (
				FC787208258678180091858D /* Base */,
			);
			name = Main.storyboard;
			sourceTree = "<group>";
		};
		FC78720C2586781C0091858D /* LaunchScreen.storyboard */ = {
			isa = PBXVariantGroup;
			children = (
				FC78720D2586781C0091858D /* Base */,
			);
			name = LaunchScreen.storyboard;
			sourceTree = "<group>";
		};
/* End PBXVariantGroup section */

/* Begin XCBuildConfiguration section */
		FC7872262586781D0091858D /* Debug */ = {
			isa = XCBuildConfiguration;
			buildSettings = {
				ALWAYS_SEARCH_USER_PATHS = NO;
				CLANG_ANALYZER_NONNULL = YES;
				CLANG_ANALYZER_NUMBER_OBJECT_CONVERSION = YES_AGGRESSIVE;
				CLANG_CXX_LANGUAGE_STANDARD = "gnu++14";
				CLANG_CXX_LIBRARY = "libc++";
				CLANG_ENABLE_MODULES = YES;
				CLANG_ENABLE_OBJC_ARC = YES;
				CLANG_ENABLE_OBJC_WEAK = YES;
				CLANG_WARN_BLOCK_CAPTURE_AUTORELEASING = YES;
				CLANG_WARN_BOOL_CONVERSION = YES;
				CLANG_WARN_COMMA = YES;
				CLANG_WARN_CONSTANT_CONVERSION = YES;
				CLANG_WARN_DEPRECATED_OBJC_IMPLEMENTATIONS = YES;
				CLANG_WARN_DIRECT_OBJC_ISA_USAGE = YES_ERROR;
				CLANG_WARN_DOCUMENTATION_COMMENTS = YES;
				CLANG_WARN_EMPTY_BODY = YES;
				CLANG_WARN_ENUM_CONVERSION = YES;
				CLANG_WARN_INFINITE_RECURSION = YES;
				CLANG_WARN_INT_CONVERSION = YES;
				CLANG_WARN_NON_LITERAL_NULL_CONVERSION = YES;
				CLANG_WARN_OBJC_IMPLICIT_RETAIN_SELF = YES;
				CLANG_WARN_OBJC_LITERAL_CONVERSION = YES;
				CLANG_WARN_OBJC_ROOT_CLASS = YES_ERROR;
				CLANG_WARN_QUOTED_INCLUDE_IN_FRAMEWORK_HEADER = YES;
				CLANG_WARN_RANGE_LOOP_ANALYSIS = YES;
				CLANG_WARN_STRICT_PROTOTYPES = YES;
				CLANG_WARN_SUSPICIOUS_MOVE = YES;
				CLANG_WARN_UNGUARDED_AVAILABILITY = YES_AGGRESSIVE;
				CLANG_WARN_UNREACHABLE_CODE = YES;
				CLANG_WARN__DUPLICATE_METHOD_MATCH = YES;
				COPY_PHASE_STRIP = NO;
				DEBUG_INFORMATION_FORMAT = dwarf;
				ENABLE_STRICT_OBJC_MSGSEND = YES;
				ENABLE_TESTABILITY = YES;
				GCC_C_LANGUAGE_STANDARD = gnu11;
				GCC_DYNAMIC_NO_PIC = NO;
				GCC_NO_COMMON_BLOCKS = YES;
				GCC_OPTIMIZATION_LEVEL = 0;
				GCC_PREPROCESSOR_DEFINITIONS = (
					"DEBUG=1",
					"$(inherited)",
				);
				GCC_WARN_64_TO_32_BIT_CONVERSION = YES;
				GCC_WARN_ABOUT_RETURN_TYPE = YES_ERROR;
				GCC_WARN_UNDECLARED_SELECTOR = YES;
				GCC_WARN_UNINITIALIZED_AUTOS = YES_AGGRESSIVE;
				GCC_WARN_UNUSED_FUNCTION = YES;
				GCC_WARN_UNUSED_VARIABLE = YES;
				IPHONEOS_DEPLOYMENT_TARGET = 14.3;
				MTL_ENABLE_DEBUG_INFO = INCLUDE_SOURCE;
				MTL_FAST_MATH = YES;
				ONLY_ACTIVE_ARCH = YES;
				SDKROOT = iphoneos;
				SWIFT_ACTIVE_COMPILATION_CONDITIONS = DEBUG;
				SWIFT_OPTIMIZATION_LEVEL = "-Onone";
			};
			name = Debug;
		};
		FC7872272586781D0091858D /* Release */ = {
			isa = XCBuildConfiguration;
			buildSettings = {
				ALWAYS_SEARCH_USER_PATHS = NO;
				CLANG_ANALYZER_NONNULL = YES;
				CLANG_ANALYZER_NUMBER_OBJECT_CONVERSION = YES_AGGRESSIVE;
				CLANG_CXX_LANGUAGE_STANDARD = "gnu++14";
				CLANG_CXX_LIBRARY = "libc++";
				CLANG_ENABLE_MODULES = YES;
				CLANG_ENABLE_OBJC_ARC = YES;
				CLANG_ENABLE_OBJC_WEAK = YES;
				CLANG_WARN_BLOCK_CAPTURE_AUTORELEASING = YES;
				CLANG_WARN_BOOL_CONVERSION = YES;
				CLANG_WARN_COMMA = YES;
				CLANG_WARN_CONSTANT_CONVERSION = YES;
				CLANG_WARN_DEPRECATED_OBJC_IMPLEMENTATIONS = YES;
				CLANG_WARN_DIRECT_OBJC_ISA_USAGE = YES_ERROR;
				CLANG_WARN_DOCUMENTATION_COMMENTS = YES;
				CLANG_WARN_EMPTY_BODY = YES;
				CLANG_WARN_ENUM_CONVERSION = YES;
				CLANG_WARN_INFINITE_RECURSION = YES;
				CLANG_WARN_INT_CONVERSION = YES;
				CLANG_WARN_NON_LITERAL_NULL_CONVERSION = YES;
				CLANG_WARN_OBJC_IMPLICIT_RETAIN_SELF = YES;
				CLANG_WARN_OBJC_LITERAL_CONVERSION = YES;
				CLANG_WARN_OBJC_ROOT_CLASS = YES_ERROR;
				CLANG_WARN_QUOTED_INCLUDE_IN_FRAMEWORK_HEADER = YES;
				CLANG_WARN_RANGE_LOOP_ANALYSIS = YES;
				CLANG_WARN_STRICT_PROTOTYPES = YES;
				CLANG_WARN_SUSPICIOUS_MOVE = YES;
				CLANG_WARN_UNGUARDED_AVAILABILITY = YES_AGGRESSIVE;
				CLANG_WARN_UNREACHABLE_CODE = YES;
				CLANG_WARN__DUPLICATE_METHOD_MATCH = YES;
				COPY_PHASE_STRIP = NO;
				DEBUG_INFORMATION_FORMAT = "dwarf-with-dsym";
				ENABLE_NS_ASSERTIONS = NO;
				ENABLE_STRICT_OBJC_MSGSEND = YES;
				GCC_C_LANGUAGE_STANDARD = gnu11;
				GCC_NO_COMMON_BLOCKS = YES;
				GCC_WARN_64_TO_32_BIT_CONVERSION = YES;
				GCC_WARN_ABOUT_RETURN_TYPE = YES_ERROR;
				GCC_WARN_UNDECLARED_SELECTOR = YES;
				GCC_WARN_UNINITIALIZED_AUTOS = YES_AGGRESSIVE;
				GCC_WARN_UNUSED_FUNCTION = YES;
				GCC_WARN_UNUSED_VARIABLE = YES;
				IPHONEOS_DEPLOYMENT_TARGET = 14.3;
				MTL_ENABLE_DEBUG_INFO = NO;
				MTL_FAST_MATH = YES;
				SDKROOT = iphoneos;
				SWIFT_COMPILATION_MODE = wholemodule;
				SWIFT_OPTIMIZATION_LEVEL = "-O";
				VALIDATE_PRODUCT = YES;
			};
			name = Release;
		};
		FC7872292586781D0091858D /* Debug */ = {
			isa = XCBuildConfiguration;
			buildSettings = {
				ASSETCATALOG_COMPILER_APPICON_NAME = AppIcon;
				ASSETCATALOG_COMPILER_GLOBAL_ACCENT_COLOR_NAME = AccentColor;
				CODE_SIGN_STYLE = Automatic;
				INFOPLIST_FILE = MathGame/Info.plist;
				LD_RUNPATH_SEARCH_PATHS = (
					"$(inherited)",
					"@executable_path/Frameworks",
				);
				PRODUCT_BUNDLE_IDENTIFIER = com.example.MathGame;
				PRODUCT_NAME = "$(TARGET_NAME)";
				SWIFT_VERSION = 5.0;
				TARGETED_DEVICE_FAMILY = "1,2";
			};
			name = Debug;
		};
		FC78722A2586781D0091858D /* Release */ = {
			isa = XCBuildConfiguration;
			buildSettings = {
				ASSETCATALOG_COMPILER_APPICON_NAME = AppIcon;
				ASSETCATALOG_COMPILER_GLOBAL_ACCENT_COLOR_NAME = AccentColor;
				CODE_SIGN_STYLE = Automatic;
				INFOPLIST_FILE = MathGame/Info.plist;
				LD_RUNPATH_SEARCH_PATHS = (
					"$(inherited)",
					"@executable_path/Frameworks",
				);
				PRODUCT_BUNDLE_IDENTIFIER = com.example.MathGame;
				PRODUCT_NAME = "$(TARGET_NAME)";
				SWIFT_VERSION = 5.0;
				TARGETED_DEVICE_FAMILY = "1,2";
			};
			name = Release;
		};
		FC78722C2586781D0091858D /* Debug */ = {
			isa = XCBuildConfiguration;
			buildSettings = {
				ALWAYS_EMBED_SWIFT_STANDARD_LIBRARIES = YES;
				BUNDLE_LOADER = "$(TEST_HOST)";
				CODE_SIGN_STYLE = Automatic;
				INFOPLIST_FILE = MathGameTests/Info.plist;
				IPHONEOS_DEPLOYMENT_TARGET = 14.3;
				LD_RUNPATH_SEARCH_PATHS = (
					"$(inherited)",
					"@executable_path/Frameworks",
					"@loader_path/Frameworks",
				);
				PRODUCT_BUNDLE_IDENTIFIER = com.example.MathGameTests;
				PRODUCT_NAME = "$(TARGET_NAME)";
				SWIFT_VERSION = 5.0;
				TARGETED_DEVICE_FAMILY = "1,2";
				TEST_HOST = "$(BUILT_PRODUCTS_DIR)/MathGame.app/MathGame";
			};
			name = Debug;
		};
		FC78722D2586781D0091858D /* Release */ = {
			isa = XCBuildConfiguration;
			buildSettings = {
				ALWAYS_EMBED_SWIFT_STANDARD_LIBRARIES = YES;
				BUNDLE_LOADER = "$(TEST_HOST)";
				CODE_SIGN_STYLE = Automatic;
				INFOPLIST_FILE = MathGameTests/Info.plist;
				IPHONEOS_DEPLOYMENT_TARGET = 14.3;
				LD_RUNPATH_SEARCH_PATHS = (
					"$(inherited)",
					"@executable_path/Frameworks",
					"@loader_path/Frameworks",
				);
				PRODUCT_BUNDLE_IDENTIFIER = com.example.MathGameTests;
				PRODUCT_NAME = "$(TARGET_NAME)";
				SWIFT_VERSION = 5.0;
				TARGETED_DEVICE_FAMILY = "1,2";
				TEST_HOST = "$(BUILT_PRODUCTS_DIR)/MathGame.app/MathGame";
			};
			name = Release;
		};
		FC78722F2586781D0091858D /* Debug */ = {
			isa = XCBuildConfiguration;
			buildSettings = {
				ALWAYS_EMBED_SWIFT_STANDARD_LIBRARIES = YES;
				CODE_SIGN_STYLE = Automatic;
				INFOPLIST_FILE = MathGameUITests/Info.plist;
				LD_RUNPATH_SEARCH_PATHS = (
					"$(inherited)",
					"@executable_path/Frameworks",
					"@loader_path/Frameworks",
				);
				PRODUCT_BUNDLE_IDENTIFIER = com.example.MathGameUITests;
				PRODUCT_NAME = "$(TARGET_NAME)";
				SWIFT_VERSION = 5.0;
				TARGETED_DEVICE_FAMILY = "1,2";
				TEST_TARGET_NAME = MathGame;
			};
			name = Debug;
		};
		FC7872302586781D0091858D /* Release */ = {
			isa = XCBuildConfiguration;
			buildSettings = {
				ALWAYS_EMBED_SWIFT_STANDARD_LIBRARIES = YES;
				CODE_SIGN_STYLE = Automatic;
				INFOPLIST_FILE = MathGameUITests/Info.plist;
				LD_RUNPATH_SEARCH_PATHS = (
					"$(inherited)",
					"@executable_path/Frameworks",
					"@loader_path/Frameworks",
				);
				PRODUCT_BUNDLE_IDENTIFIER = com.example.MathGameUITests;
				PRODUCT_NAME = "$(TARGET_NAME)";
				SWIFT_VERSION = 5.0;
				TARGETED_DEVICE_FAMILY = "1,2";
				TEST_TARGET_NAME = MathGame;
			};
			name = Release;
		};
/* End XCBuildConfiguration section */

/* Begin XCConfigurationList section */
		FC7871F9258678180091858D /* Build configuration list for PBXProject "MathGame" */ = {
			isa = XCConfigurationList;
			buildConfigurations = (
				FC7872262586781D0091858D /* Debug */,
				FC7872272586781D0091858D /* Release */,
			);
			defaultConfigurationIsVisible = 0;
			defaultConfigurationName = Release;
		};
		FC7872282586781D0091858D /* Build configuration list for PBXNativeTarget "MathGame" */ = {
			isa = XCConfigurationList;
			buildConfigurations = (
				FC7872292586781D0091858D /* Debug */,
				FC78722A2586781D0091858D /* Release */,
			);
			defaultConfigurationIsVisible = 0;
			defaultConfigurationName = Release;
		};
		FC78722B2586781D0091858D /* Build configuration list for PBXNativeTarget "MathGameTests" */ = {
			isa = XCConfigurationList;
			buildConfigurations = (
				FC78722C2586781D0091858D /* Debug */,
				FC78722D2586781D0091858D /* Release */,
			);
			defaultConfigurationIsVisible = 0;
			defaultConfigurationName = Release;
		};
		FC78722E2586781D0091858D /* Build configuration list for PBXNativeTarget "MathGameUITests" */ = {
			isa = XCConfigurationList;
			buildConfigurations = (
				FC78722F2586781D0091858D /* Debug */,
				FC7872302586781D0091858D /* Release */,
			);
			defaultConfigurationIsVisible = 0;
			defaultConfigurationName = Release;
		};
/* End XCConfigurationList section */
	};
	rootObject = FC7871F6258678180091858D /* Project object */;
}
